// !$*UTF8*$!
{
	archiveVersion = 1;
	classes = {
	};
	objectVersion = 46;
	objects = {

/* Begin PBXBuildFile section */
		E9F05DAE1819BFF900E51E2E /* Foundation.framework in Frameworks */ = {isa = PBXBuildFile; fileRef = E9F05DAD1819BFF900E51E2E /* Foundation.framework */; };
		E9F05DB31819BFF900E51E2E /* MIBShapeView.h in CopyFiles */ = {isa = PBXBuildFile; fileRef = E9F05DB21819BFF900E51E2E /* MIBShapeView.h */; };
		E9F05DB51819BFF900E51E2E /* MIBShapeView.m in Sources */ = {isa = PBXBuildFile; fileRef = E9F05DB41819BFF900E51E2E /* MIBShapeView.m */; };
		E9F05DBC1819BFF900E51E2E /* XCTest.framework in Frameworks */ = {isa = PBXBuildFile; fileRef = E9F05DBB1819BFF900E51E2E /* XCTest.framework */; };
		E9F05DBD1819BFF900E51E2E /* Foundation.framework in Frameworks */ = {isa = PBXBuildFile; fileRef = E9F05DAD1819BFF900E51E2E /* Foundation.framework */; };
		E9F05DBF1819BFF900E51E2E /* UIKit.framework in Frameworks */ = {isa = PBXBuildFile; fileRef = E9F05DBE1819BFF900E51E2E /* UIKit.framework */; };
		E9F05DC21819BFF900E51E2E /* libMIBShapeView.a in Frameworks */ = {isa = PBXBuildFile; fileRef = E9F05DAA1819BFF900E51E2E /* libMIBShapeView.a */; };
		E9F05DC81819BFF900E51E2E /* InfoPlist.strings in Resources */ = {isa = PBXBuildFile; fileRef = E9F05DC61819BFF900E51E2E /* InfoPlist.strings */; };
		E9F05DCA1819BFF900E51E2E /* MIBShapeViewTests.m in Sources */ = {isa = PBXBuildFile; fileRef = E9F05DC91819BFF900E51E2E /* MIBShapeViewTests.m */; };
/* End PBXBuildFile section */

/* Begin PBXContainerItemProxy section */
		E9F05DC01819BFF900E51E2E /* PBXContainerItemProxy */ = {
			isa = PBXContainerItemProxy;
			containerPortal = E9F05DA21819BFF900E51E2E /* Project object */;
			proxyType = 1;
			remoteGlobalIDString = E9F05DA91819BFF900E51E2E;
			remoteInfo = MIBShapeView;
		};
/* End PBXContainerItemProxy section */

/* Begin PBXCopyFilesBuildPhase section */
		E9F05DA81819BFF900E51E2E /* CopyFiles */ = {
			isa = PBXCopyFilesBuildPhase;
			buildActionMask = 2147483647;
			dstPath = "include/$(PRODUCT_NAME)";
			dstSubfolderSpec = 16;
			files = (
				E9F05DB31819BFF900E51E2E /* MIBShapeView.h in CopyFiles */,
			);
			runOnlyForDeploymentPostprocessing = 0;
		};
/* End PBXCopyFilesBuildPhase section */

/* Begin PBXFileReference section */
		E9F05DAA1819BFF900E51E2E /* libMIBShapeView.a */ = {isa = PBXFileReference; explicitFileType = archive.ar; includeInIndex = 0; path = libMIBShapeView.a; sourceTree = BUILT_PRODUCTS_DIR; };
		E9F05DAD1819BFF900E51E2E /* Foundation.framework */ = {isa = PBXFileReference; lastKnownFileType = wrapper.framework; name = Foundation.framework; path = System/Library/Frameworks/Foundation.framework; sourceTree = SDKROOT; };
		E9F05DB11819BFF900E51E2E /* MIBShapeView-Prefix.pch */ = {isa = PBXFileReference; lastKnownFileType = sourcecode.c.h; path = "MIBShapeView-Prefix.pch"; sourceTree = "<group>"; };
		E9F05DB21819BFF900E51E2E /* MIBShapeView.h */ = {isa = PBXFileReference; lastKnownFileType = sourcecode.c.h; path = MIBShapeView.h; sourceTree = "<group>"; };
		E9F05DB41819BFF900E51E2E /* MIBShapeView.m */ = {isa = PBXFileReference; lastKnownFileType = sourcecode.c.objc; path = MIBShapeView.m; sourceTree = "<group>"; };
		E9F05DBA1819BFF900E51E2E /* MIBShapeViewTests.xctest */ = {isa = PBXFileReference; explicitFileType = wrapper.cfbundle; includeInIndex = 0; path = MIBShapeViewTests.xctest; sourceTree = BUILT_PRODUCTS_DIR; };
		E9F05DBB1819BFF900E51E2E /* XCTest.framework */ = {isa = PBXFileReference; lastKnownFileType = wrapper.framework; name = XCTest.framework; path = Library/Frameworks/XCTest.framework; sourceTree = DEVELOPER_DIR; };
		E9F05DBE1819BFF900E51E2E /* UIKit.framework */ = {isa = PBXFileReference; lastKnownFileType = wrapper.framework; name = UIKit.framework; path = Library/Frameworks/UIKit.framework; sourceTree = DEVELOPER_DIR; };
		E9F05DC51819BFF900E51E2E /* MIBShapeViewTests-Info.plist */ = {isa = PBXFileReference; lastKnownFileType = text.plist.xml; path = "MIBShapeViewTests-Info.plist"; sourceTree = "<group>"; };
		E9F05DC71819BFF900E51E2E /* en */ = {isa = PBXFileReference; lastKnownFileType = text.plist.strings; name = en; path = en.lproj/InfoPlist.strings; sourceTree = "<group>"; };
		E9F05DC91819BFF900E51E2E /* MIBShapeViewTests.m */ = {isa = PBXFileReference; lastKnownFileType = sourcecode.c.objc; path = MIBShapeViewTests.m; sourceTree = "<group>"; };
/* End PBXFileReference section */

/* Begin PBXFrameworksBuildPhase section */
		E9F05DA71819BFF900E51E2E /* Frameworks */ = {
			isa = PBXFrameworksBuildPhase;
			buildActionMask = 2147483647;
			files = (
				E9F05DAE1819BFF900E51E2E /* Foundation.framework in Frameworks */,
			);
			runOnlyForDeploymentPostprocessing = 0;
		};
		E9F05DB71819BFF900E51E2E /* Frameworks */ = {
			isa = PBXFrameworksBuildPhase;
			buildActionMask = 2147483647;
			files = (
				E9F05DBC1819BFF900E51E2E /* XCTest.framework in Frameworks */,
				E9F05DBF1819BFF900E51E2E /* UIKit.framework in Frameworks */,
				E9F05DBD1819BFF900E51E2E /* Foundation.framework in Frameworks */,
				E9F05DC21819BFF900E51E2E /* libMIBShapeView.a in Frameworks */,
			);
			runOnlyForDeploymentPostprocessing = 0;
		};
/* End PBXFrameworksBuildPhase section */

/* Begin PBXGroup section */
		E9F05DA11819BFF900E51E2E = {
			isa = PBXGroup;
			children = (
				E9F05DAF1819BFF900E51E2E /* MIBShapeView */,
				E9F05DC31819BFF900E51E2E /* MIBShapeViewTests */,
				E9F05DAC1819BFF900E51E2E /* Frameworks */,
				E9F05DAB1819BFF900E51E2E /* Products */,
			);
			sourceTree = "<group>";
		};
		E9F05DAB1819BFF900E51E2E /* Products */ = {
			isa = PBXGroup;
			children = (
				E9F05DAA1819BFF900E51E2E /* libMIBShapeView.a */,
				E9F05DBA1819BFF900E51E2E /* MIBShapeViewTests.xctest */,
			);
			name = Products;
			sourceTree = "<group>";
		};
		E9F05DAC1819BFF900E51E2E /* Frameworks */ = {
			isa = PBXGroup;
			children = (
				E9F05DAD1819BFF900E51E2E /* Foundation.framework */,
				E9F05DBB1819BFF900E51E2E /* XCTest.framework */,
				E9F05DBE1819BFF900E51E2E /* UIKit.framework */,
			);
			name = Frameworks;
			sourceTree = "<group>";
		};
		E9F05DAF1819BFF900E51E2E /* MIBShapeView */ = {
			isa = PBXGroup;
			children = (
				E9F05DB21819BFF900E51E2E /* MIBShapeView.h */,
				E9F05DB41819BFF900E51E2E /* MIBShapeView.m */,
				E9F05DB01819BFF900E51E2E /* Supporting Files */,
			);
			path = MIBShapeView;
			sourceTree = "<group>";
		};
		E9F05DB01819BFF900E51E2E /* Supporting Files */ = {
			isa = PBXGroup;
			children = (
				E9F05DB11819BFF900E51E2E /* MIBShapeView-Prefix.pch */,
			);
			name = "Supporting Files";
			sourceTree = "<group>";
		};
		E9F05DC31819BFF900E51E2E /* MIBShapeViewTests */ = {
			isa = PBXGroup;
			children = (
				E9F05DC91819BFF900E51E2E /* MIBShapeViewTests.m */,
				E9F05DC41819BFF900E51E2E /* Supporting Files */,
			);
			path = MIBShapeViewTests;
			sourceTree = "<group>";
		};
		E9F05DC41819BFF900E51E2E /* Supporting Files */ = {
			isa = PBXGroup;
			children = (
				E9F05DC51819BFF900E51E2E /* MIBShapeViewTests-Info.plist */,
				E9F05DC61819BFF900E51E2E /* InfoPlist.strings */,
			);
			name = "Supporting Files";
			sourceTree = "<group>";
		};
/* End PBXGroup section */

/* Begin PBXNativeTarget section */
		E9F05DA91819BFF900E51E2E /* MIBShapeView */ = {
			isa = PBXNativeTarget;
			buildConfigurationList = E9F05DCD1819BFF900E51E2E /* Build configuration list for PBXNativeTarget "MIBShapeView" */;
			buildPhases = (
				E9F05DA61819BFF900E51E2E /* Sources */,
				E9F05DA71819BFF900E51E2E /* Frameworks */,
				E9F05DA81819BFF900E51E2E /* CopyFiles */,
			);
			buildRules = (
			);
			dependencies = (
			);
			name = MIBShapeView;
			productName = MIBShapeView;
			productReference = E9F05DAA1819BFF900E51E2E /* libMIBShapeView.a */;
			productType = "com.apple.product-type.library.static";
		};
		E9F05DB91819BFF900E51E2E /* MIBShapeViewTests */ = {
			isa = PBXNativeTarget;
			buildConfigurationList = E9F05DD01819BFF900E51E2E /* Build configuration list for PBXNativeTarget "MIBShapeViewTests" */;
			buildPhases = (
				E9F05DB61819BFF900E51E2E /* Sources */,
				E9F05DB71819BFF900E51E2E /* Frameworks */,
				E9F05DB81819BFF900E51E2E /* Resources */,
			);
			buildRules = (
			);
			dependencies = (
				E9F05DC11819BFF900E51E2E /* PBXTargetDependency */,
			);
			name = MIBShapeViewTests;
			productName = MIBShapeViewTests;
			productReference = E9F05DBA1819BFF900E51E2E /* MIBShapeViewTests.xctest */;
			productType = "com.apple.product-type.bundle.unit-test";
		};
/* End PBXNativeTarget section */

/* Begin PBXProject section */
		E9F05DA21819BFF900E51E2E /* Project object */ = {
			isa = PBXProject;
			attributes = {
				LastUpgradeCheck = 0500;
				ORGANIZATIONNAME = "Ben Packard";
			};
			buildConfigurationList = E9F05DA51819BFF900E51E2E /* Build configuration list for PBXProject "MIBShapeView" */;
			compatibilityVersion = "Xcode 3.2";
			developmentRegion = English;
			hasScannedForEncodings = 0;
			knownRegions = (
				en,
			);
			mainGroup = E9F05DA11819BFF900E51E2E;
			productRefGroup = E9F05DAB1819BFF900E51E2E /* Products */;
			projectDirPath = "";
			projectRoot = "";
			targets = (
				E9F05DA91819BFF900E51E2E /* MIBShapeView */,
				E9F05DB91819BFF900E51E2E /* MIBShapeViewTests */,
			);
		};
/* End PBXProject section */

/* Begin PBXResourcesBuildPhase section */
		E9F05DB81819BFF900E51E2E /* Resources */ = {
			isa = PBXResourcesBuildPhase;
			buildActionMask = 2147483647;
			files = (
				E9F05DC81819BFF900E51E2E /* InfoPlist.strings in Resources */,
			);
			runOnlyForDeploymentPostprocessing = 0;
		};
/* End PBXResourcesBuildPhase section */

/* Begin PBXSourcesBuildPhase section */
		E9F05DA61819BFF900E51E2E /* Sources */ = {
			isa = PBXSourcesBuildPhase;
			buildActionMask = 2147483647;
			files = (
				E9F05DB51819BFF900E51E2E /* MIBShapeView.m in Sources */,
			);
			runOnlyForDeploymentPostprocessing = 0;
		};
		E9F05DB61819BFF900E51E2E /* Sources */ = {
			isa = PBXSourcesBuildPhase;
			buildActionMask = 2147483647;
			files = (
				E9F05DCA1819BFF900E51E2E /* MIBShapeViewTests.m in Sources */,
			);
			runOnlyForDeploymentPostprocessing = 0;
		};
/* End PBXSourcesBuildPhase section */

/* Begin PBXTargetDependency section */
		E9F05DC11819BFF900E51E2E /* PBXTargetDependency */ = {
			isa = PBXTargetDependency;
			target = E9F05DA91819BFF900E51E2E /* MIBShapeView */;
			targetProxy = E9F05DC01819BFF900E51E2E /* PBXContainerItemProxy */;
		};
/* End PBXTargetDependency section */

/* Begin PBXVariantGroup section */
		E9F05DC61819BFF900E51E2E /* InfoPlist.strings */ = {
			isa = PBXVariantGroup;
			children = (
				E9F05DC71819BFF900E51E2E /* en */,
			);
			name = InfoPlist.strings;
			sourceTree = "<group>";
		};
/* End PBXVariantGroup section */

/* Begin XCBuildConfiguration section */
		E9F05DCB1819BFF900E51E2E /* Debug */ = {
			isa = XCBuildConfiguration;
			buildSettings = {
				ALWAYS_SEARCH_USER_PATHS = NO;
				ARCHS = "$(ARCHS_STANDARD_INCLUDING_64_BIT)";
				CLANG_CXX_LANGUAGE_STANDARD = "gnu++0x";
				CLANG_CXX_LIBRARY = "libc++";
				CLANG_ENABLE_MODULES = YES;
				CLANG_ENABLE_OBJC_ARC = YES;
				CLANG_WARN_BOOL_CONVERSION = YES;
				CLANG_WARN_CONSTANT_CONVERSION = YES;
				CLANG_WARN_DIRECT_OBJC_ISA_USAGE = YES_ERROR;
				CLANG_WARN_EMPTY_BODY = YES;
				CLANG_WARN_ENUM_CONVERSION = YES;
				CLANG_WARN_INT_CONVERSION = YES;
				CLANG_WARN_OBJC_ROOT_CLASS = YES_ERROR;
				CLANG_WARN__DUPLICATE_METHOD_MATCH = YES;
				COPY_PHASE_STRIP = NO;
				GCC_C_LANGUAGE_STANDARD = gnu99;
				GCC_DYNAMIC_NO_PIC = NO;
				GCC_OPTIMIZATION_LEVEL = 0;
				GCC_PREPROCESSOR_DEFINITIONS = (
					"DEBUG=1",
					"$(inherited)",
				);
				GCC_SYMBOLS_PRIVATE_EXTERN = NO;
				GCC_WARN_64_TO_32_BIT_CONVERSION = YES;
				GCC_WARN_ABOUT_RETURN_TYPE = YES_ERROR;
				GCC_WARN_UNDECLARED_SELECTOR = YES;
				GCC_WARN_UNINITIALIZED_AUTOS = YES;
				GCC_WARN_UNUSED_FUNCTION = YES;
				GCC_WARN_UNUSED_VARIABLE = YES;
				IPHONEOS_DEPLOYMENT_TARGET = 7.0;
				ONLY_ACTIVE_ARCH = YES;
				SDKROOT = iphoneos;
			};
			name = Debug;
		};
		E9F05DCC1819BFF900E51E2E /* Release */ = {
			isa = XCBuildConfiguration;
			buildSettings = {
				ALWAYS_SEARCH_USER_PATHS = NO;
				ARCHS = "$(ARCHS_STANDARD_INCLUDING_64_BIT)";
				CLANG_CXX_LANGUAGE_STANDARD = "gnu++0x";
				CLANG_CXX_LIBRARY = "libc++";
				CLANG_ENABLE_MODULES = YES;
				CLANG_ENABLE_OBJC_ARC = YES;
				CLANG_WARN_BOOL_CONVERSION = YES;
				CLANG_WARN_CONSTANT_CONVERSION = YES;
				CLANG_WARN_DIRECT_OBJC_ISA_USAGE = YES_ERROR;
				CLANG_WARN_EMPTY_BODY = YES;
				CLANG_WARN_ENUM_CONVERSION = YES;
				CLANG_WARN_INT_CONVERSION = YES;
				CLANG_WARN_OBJC_ROOT_CLASS = YES_ERROR;
				CLANG_WARN__DUPLICATE_METHOD_MATCH = YES;
				COPY_PHASE_STRIP = YES;
				ENABLE_NS_ASSERTIONS = NO;
				GCC_C_LANGUAGE_STANDARD = gnu99;
				GCC_WARN_64_TO_32_BIT_CONVERSION = YES;
				GCC_WARN_ABOUT_RETURN_TYPE = YES_ERROR;
				GCC_WARN_UNDECLARED_SELECTOR = YES;
				GCC_WARN_UNINITIALIZED_AUTOS = YES;
				GCC_WARN_UNUSED_FUNCTION = YES;
				GCC_WARN_UNUSED_VARIABLE = YES;
				IPHONEOS_DEPLOYMENT_TARGET = 7.0;
				SDKROOT = iphoneos;
				VALIDATE_PRODUCT = YES;
			};
			name = Release;
		};
		E9F05DCE1819BFF900E51E2E /* Debug */ = {
			isa = XCBuildConfiguration;
			buildSettings = {
				DSTROOT = /tmp/MIBShapeView.dst;
				GCC_PRECOMPILE_PREFIX_HEADER = YES;
				GCC_PREFIX_HEADER = "MIBShapeView/MIBShapeView-Prefix.pch";
				OTHER_LDFLAGS = "-ObjC";
				PRODUCT_NAME = "$(TARGET_NAME)";
				SKIP_INSTALL = YES;
			};
			name = Debug;
		};
		E9F05DCF1819BFF900E51E2E /* Release */ = {
			isa = XCBuildConfiguration;
			buildSettings = {
				DSTROOT = /tmp/MIBShapeView.dst;
				GCC_PRECOMPILE_PREFIX_HEADER = YES;
				GCC_PREFIX_HEADER = "MIBShapeView/MIBShapeView-Prefix.pch";
				OTHER_LDFLAGS = "-ObjC";
				PRODUCT_NAME = "$(TARGET_NAME)";
				SKIP_INSTALL = YES;
			};
			name = Release;
		};
		E9F05DD11819BFF900E51E2E /* Debug */ = {
			isa = XCBuildConfiguration;
			buildSettings = {
				ARCHS = "$(ARCHS_STANDARD_INCLUDING_64_BIT)";
				FRAMEWORK_SEARCH_PATHS = (
					"$(SDKROOT)/Developer/Library/Frameworks",
					"$(inherited)",
					"$(DEVELOPER_FRAMEWORKS_DIR)",
				);
				GCC_PRECOMPILE_PREFIX_HEADER = YES;
				GCC_PREFIX_HEADER = "MIBShapeView/MIBShapeView-Prefix.pch";
				GCC_PREPROCESSOR_DEFINITIONS = (
					"DEBUG=1",
					"$(inherited)",
				);
				INFOPLIST_FILE = "MIBShapeViewTests/MIBShapeViewTests-Info.plist";
				PRODUCT_NAME = "$(TARGET_NAME)";
				WRAPPER_EXTENSION = xctest;
			};
			name = Debug;
		};
		E9F05DD21819BFF900E51E2E /* Release */ = {
			isa = XCBuildConfiguration;
			buildSettings = {
				ARCHS = "$(ARCHS_STANDARD_INCLUDING_64_BIT)";
				FRAMEWORK_SEARCH_PATHS = (
					"$(SDKROOT)/Developer/Library/Frameworks",
					"$(inherited)",
					"$(DEVELOPER_FRAMEWORKS_DIR)",
				);
				GCC_PRECOMPILE_PREFIX_HEADER = YES;
				GCC_PREFIX_HEADER = "MIBShapeView/MIBShapeView-Prefix.pch";
				INFOPLIST_FILE = "MIBShapeViewTests/MIBShapeViewTests-Info.plist";
				PRODUCT_NAME = "$(TARGET_NAME)";
				WRAPPER_EXTENSION = xctest;
			};
			name = Release;
		};
/* End XCBuildConfiguration section */

/* Begin XCConfigurationList section */
		E9F05DA51819BFF900E51E2E /* Build configuration list for PBXProject "MIBShapeView" */ = {
			isa = XCConfigurationList;
			buildConfigurations = (
				E9F05DCB1819BFF900E51E2E /* Debug */,
				E9F05DCC1819BFF900E51E2E /* Release */,
			);
			defaultConfigurationIsVisible = 0;
			defaultConfigurationName = Release;
		};
		E9F05DCD1819BFF900E51E2E /* Build configuration list for PBXNativeTarget "MIBShapeView" */ = {
			isa = XCConfigurationList;
			buildConfigurations = (
				E9F05DCE1819BFF900E51E2E /* Debug */,
				E9F05DCF1819BFF900E51E2E /* Release */,
			);
			defaultConfigurationIsVisible = 0;
		};
		E9F05DD01819BFF900E51E2E /* Build configuration list for PBXNativeTarget "MIBShapeViewTests" */ = {
			isa = XCConfigurationList;
			buildConfigurations = (
				E9F05DD11819BFF900E51E2E /* Debug */,
				E9F05DD21819BFF900E51E2E /* Release */,
			);
			defaultConfigurationIsVisible = 0;
		};
/* End XCConfigurationList section */
	};
	rootObject = E9F05DA21819BFF900E51E2E /* Project object */;
}
